{
  "name": "bitget-ai-index",
  "version": "1.0.0",
  "lockfileVersion": 3,
  "requires": true,
  "packages": {
    "": {
      "name": "bitget-ai-index",
      "version": "1.0.0",
      "license": "MIT",
      "dependencies": {
        "@bitget-ai/getagent-skill": "0.5.0"
      },
      "engines": {
        "node": ">=20.0.0"
      }
    },
    "node_modules/@bitget-ai/getagent-skill": {
      "version": "0.5.0",
      "resolved": "https://registry.npmjs.org/@bitget-ai/getagent-skill/-/getagent-skill-0.5.0.tgz",
      "integrity": "sha512-DTGHGGs9efpocMs6I54vFUB/5Z8eEIu/2lWxhDpeZ2dWCAFzGTgQ91B1u3QCGneI3bHzbmYd59nIU4WG9so6tg==",
      "license": "Proprietary",
      "bin": {
        "getagent-skill": "bin/getagent-skill.js"
      },
      "engines": {
        "node": ">=18"
      }
    }
  }
}
